
Microsoft Visual Studio Solution File, Format Version 12.00
# Visual Studio Version 16
VisualStudioVersion = 16.0.29613.14
MinimumVisualStudioVersion = 10.0.40219.1
Project("{2150E333-8FDC-42A3-9474-1A3956D46DE8}") = "src", "src", "{BF462405-F0A9-448F-9430-F3897F6FD4F6}"
EndProject
Project("{2150E333-8FDC-42A3-9474-1A3956D46DE8}") = "Building Block", "Building Block", "{E882AAD5-FE78-4EE0-83E5-5F4A4716ED16}"
EndProject
Project("{2150E333-8FDC-42A3-9474-1A3956D46DE8}") = "Services", "Services", "{3BB8EBC2-B3CC-4C75-B55F-79121C13A55C}"
EndProject
Project("{2150E333-8FDC-42A3-9474-1A3956D46DE8}") = "WEB", "WEB", "{3378B6A9-BDCF-4C65-AD57-25F7DE98E6D2}"
EndProject
Project("{2150E333-8FDC-42A3-9474-1A3956D46DE8}") = "Identity", "Identity", "{0A8EC736-E84E-4670-8933-38263E0EFBBC}"
EndProject
Project("{FAE04EC0-301F-11D3-BF4B-00C04F79EFBC}") = "MksStoreEnterprise.Identity.API", "src\Services\MksStoreEnterprise.Identity.API\MksStoreEnterprise.Identity.API.csproj", "{4D9E026F-AFC0-42E7-B861-21370A448D8F}"
EndProject
Project("{2150E333-8FDC-42A3-9474-1A3956D46DE8}") = "MVC", "MVC", "{B8D7169C-F121-4C8B-82AE-C4AFF269B585}"
EndProject
Project("{FAE04EC0-301F-11D3-BF4B-00C04F79EFBC}") = "MksStoreEnterprise.WebApp.MVC", "src\WEB\MksStoreEnterprise.WebApp.MVC\MksStoreEnterprise.WebApp.MVC.csproj", "{9F5D1B92-26C4-4B15-884C-0A6694FD5D36}"
EndProject
Project("{2150E333-8FDC-42A3-9474-1A3956D46DE8}") = "Core", "Core", "{798BF3BC-7CE1-4D29-8636-6448428E45A9}"
EndProject
Project("{FAE04EC0-301F-11D3-BF4B-00C04F79EFBC}") = "MksStoreEnterprise.Core", "src\Building Blocks\MksStoreEnterprise.Core\MksStoreEnterprise.Core.csproj", "{CBB42A84-617E-4374-9E0D-2EA957B4A8E5}"
EndProject
Project("{2150E333-8FDC-42A3-9474-1A3956D46DE8}") = "Cart", "Cart", "{C7C49C66-3B55-4077-8F4F-F50ADE5D1B29}"
EndProject
Project("{2150E333-8FDC-42A3-9474-1A3956D46DE8}") = "Catalog", "Catalog", "{E4E2713A-E5C4-4868-AE51-087532D8A084}"
EndProject
Project("{2150E333-8FDC-42A3-9474-1A3956D46DE8}") = "Client", "Client", "{E094CE6D-B306-404D-9F44-17B1D279A788}"
EndProject
Project("{2150E333-8FDC-42A3-9474-1A3956D46DE8}") = "Order", "Order", "{3D2DC177-9056-4660-B48F-330BA32B6B1A}"
EndProject
Project("{2150E333-8FDC-42A3-9474-1A3956D46DE8}") = "Payment", "Payment", "{8698DDD0-FFBC-48A5-B2D1-6BDF48347D97}"
EndProject
Project("{FAE04EC0-301F-11D3-BF4B-00C04F79EFBC}") = "MksStoreEnterprise.Cart.API", "src\Services\MksStoreEnterprise.Cart.API\MksStoreEnterprise.Cart.API.csproj", "{A90B08B8-088E-485B-B68E-42F0B1E3CEC7}"
EndProject
Project("{FAE04EC0-301F-11D3-BF4B-00C04F79EFBC}") = "MksStoreEnterprise.Catalog.API", "src\Services\MksStoreEnterprise.Catalog.API\MksStoreEnterprise.Catalog.API.csproj", "{D302039A-D54F-4431-825D-A384625B62A7}"
EndProject
Project("{FAE04EC0-301F-11D3-BF4B-00C04F79EFBC}") = "MksStoreEnterprise.Client.API", "src\Services\MksStoreEnterprise.Client.API\MksStoreEnterprise.Client.API.csproj", "{1E4AA023-E317-43E9-84BD-A1B14FFDFF53}"
EndProject
Project("{FAE04EC0-301F-11D3-BF4B-00C04F79EFBC}") = "MksStoreEnterprise.Order.API", "src\Services\MksStoreEnterprise.Order.API\MksStoreEnterprise.Order.API.csproj", "{AE95CE01-F59D-4B23-8F6F-2E402CB62AC3}"
EndProject
Project("{FAE04EC0-301F-11D3-BF4B-00C04F79EFBC}") = "MksStoreEnterprise.Payment.API", "src\Services\MksStoreEnterprise.Payment.API\MksStoreEnterprise.Payment.API.csproj", "{F2829B0B-DE64-49B4-BB22-82E1B0BAEC8D}"
EndProject
Global
	GlobalSection(SolutionConfigurationPlatforms) = preSolution
		Debug|Any CPU = Debug|Any CPU
		Release|Any CPU = Release|Any CPU
	EndGlobalSection
	GlobalSection(ProjectConfigurationPlatforms) = postSolution
		{4D9E026F-AFC0-42E7-B861-21370A448D8F}.Debug|Any CPU.ActiveCfg = Debug|Any CPU
		{4D9E026F-AFC0-42E7-B861-21370A448D8F}.Debug|Any CPU.Build.0 = Debug|Any CPU
		{4D9E026F-AFC0-42E7-B861-21370A448D8F}.Release|Any CPU.ActiveCfg = Release|Any CPU
		{4D9E026F-AFC0-42E7-B861-21370A448D8F}.Release|Any CPU.Build.0 = Release|Any CPU
		{9F5D1B92-26C4-4B15-884C-0A6694FD5D36}.Debug|Any CPU.ActiveCfg = Debug|Any CPU
		{9F5D1B92-26C4-4B15-884C-0A6694FD5D36}.Debug|Any CPU.Build.0 = Debug|Any CPU
		{9F5D1B92-26C4-4B15-884C-0A6694FD5D36}.Release|Any CPU.ActiveCfg = Release|Any CPU
		{9F5D1B92-26C4-4B15-884C-0A6694FD5D36}.Release|Any CPU.Build.0 = Release|Any CPU
		{CBB42A84-617E-4374-9E0D-2EA957B4A8E5}.Debug|Any CPU.ActiveCfg = Debug|Any CPU
		{CBB42A84-617E-4374-9E0D-2EA957B4A8E5}.Debug|Any CPU.Build.0 = Debug|Any CPU
		{CBB42A84-617E-4374-9E0D-2EA957B4A8E5}.Release|Any CPU.ActiveCfg = Release|Any CPU
		{CBB42A84-617E-4374-9E0D-2EA957B4A8E5}.Release|Any CPU.Build.0 = Release|Any CPU
		{A90B08B8-088E-485B-B68E-42F0B1E3CEC7}.Debug|Any CPU.ActiveCfg = Debug|Any CPU
		{A90B08B8-088E-485B-B68E-42F0B1E3CEC7}.Debug|Any CPU.Build.0 = Debug|Any CPU
		{A90B08B8-088E-485B-B68E-42F0B1E3CEC7}.Release|Any CPU.ActiveCfg = Release|Any CPU
		{A90B08B8-088E-485B-B68E-42F0B1E3CEC7}.Release|Any CPU.Build.0 = Release|Any CPU
		{D302039A-D54F-4431-825D-A384625B62A7}.Debug|Any CPU.ActiveCfg = Debug|Any CPU
		{D302039A-D54F-4431-825D-A384625B62A7}.Debug|Any CPU.Build.0 = Debug|Any CPU
		{D302039A-D54F-4431-825D-A384625B62A7}.Release|Any CPU.ActiveCfg = Release|Any CPU
		{D302039A-D54F-4431-825D-A384625B62A7}.Release|Any CPU.Build.0 = Release|Any CPU
		{1E4AA023-E317-43E9-84BD-A1B14FFDFF53}.Debug|Any CPU.ActiveCfg = Debug|Any CPU
		{1E4AA023-E317-43E9-84BD-A1B14FFDFF53}.Debug|Any CPU.Build.0 = Debug|Any CPU
		{1E4AA023-E317-43E9-84BD-A1B14FFDFF53}.Release|Any CPU.ActiveCfg = Release|Any CPU
		{1E4AA023-E317-43E9-84BD-A1B14FFDFF53}.Release|Any CPU.Build.0 = Release|Any CPU
		{AE95CE01-F59D-4B23-8F6F-2E402CB62AC3}.Debug|Any CPU.ActiveCfg = Debug|Any CPU
		{AE95CE01-F59D-4B23-8F6F-2E402CB62AC3}.Debug|Any CPU.Build.0 = Debug|Any CPU
		{AE95CE01-F59D-4B23-8F6F-2E402CB62AC3}.Release|Any CPU.ActiveCfg = Release|Any CPU
		{AE95CE01-F59D-4B23-8F6F-2E402CB62AC3}.Release|Any CPU.Build.0 = Release|Any CPU
		{F2829B0B-DE64-49B4-BB22-82E1B0BAEC8D}.Debug|Any CPU.ActiveCfg = Debug|Any CPU
		{F2829B0B-DE64-49B4-BB22-82E1B0BAEC8D}.Debug|Any CPU.Build.0 = Debug|Any CPU
		{F2829B0B-DE64-49B4-BB22-82E1B0BAEC8D}.Release|Any CPU.ActiveCfg = Release|Any CPU
		{F2829B0B-DE64-49B4-BB22-82E1B0BAEC8D}.Release|Any CPU.Build.0 = Release|Any CPU
	EndGlobalSection
	GlobalSection(SolutionProperties) = preSolution
		HideSolutionNode = FALSE
	EndGlobalSection
	GlobalSection(NestedProjects) = preSolution
		{E882AAD5-FE78-4EE0-83E5-5F4A4716ED16} = {BF462405-F0A9-448F-9430-F3897F6FD4F6}
		{3BB8EBC2-B3CC-4C75-B55F-79121C13A55C} = {BF462405-F0A9-448F-9430-F3897F6FD4F6}
		{3378B6A9-BDCF-4C65-AD57-25F7DE98E6D2} = {BF462405-F0A9-448F-9430-F3897F6FD4F6}
		{0A8EC736-E84E-4670-8933-38263E0EFBBC} = {3BB8EBC2-B3CC-4C75-B55F-79121C13A55C}
		{4D9E026F-AFC0-42E7-B861-21370A448D8F} = {0A8EC736-E84E-4670-8933-38263E0EFBBC}
		{B8D7169C-F121-4C8B-82AE-C4AFF269B585} = {3378B6A9-BDCF-4C65-AD57-25F7DE98E6D2}
		{9F5D1B92-26C4-4B15-884C-0A6694FD5D36} = {B8D7169C-F121-4C8B-82AE-C4AFF269B585}
		{798BF3BC-7CE1-4D29-8636-6448428E45A9} = {E882AAD5-FE78-4EE0-83E5-5F4A4716ED16}
		{CBB42A84-617E-4374-9E0D-2EA957B4A8E5} = {798BF3BC-7CE1-4D29-8636-6448428E45A9}
		{C7C49C66-3B55-4077-8F4F-F50ADE5D1B29} = {3BB8EBC2-B3CC-4C75-B55F-79121C13A55C}
		{E4E2713A-E5C4-4868-AE51-087532D8A084} = {3BB8EBC2-B3CC-4C75-B55F-79121C13A55C}
		{E094CE6D-B306-404D-9F44-17B1D279A788} = {3BB8EBC2-B3CC-4C75-B55F-79121C13A55C}
		{3D2DC177-9056-4660-B48F-330BA32B6B1A} = {3BB8EBC2-B3CC-4C75-B55F-79121C13A55C}
		{8698DDD0-FFBC-48A5-B2D1-6BDF48347D97} = {3BB8EBC2-B3CC-4C75-B55F-79121C13A55C}
		{A90B08B8-088E-485B-B68E-42F0B1E3CEC7} = {C7C49C66-3B55-4077-8F4F-F50ADE5D1B29}
		{D302039A-D54F-4431-825D-A384625B62A7} = {E4E2713A-E5C4-4868-AE51-087532D8A084}
		{1E4AA023-E317-43E9-84BD-A1B14FFDFF53} = {E094CE6D-B306-404D-9F44-17B1D279A788}
		{AE95CE01-F59D-4B23-8F6F-2E402CB62AC3} = {3D2DC177-9056-4660-B48F-330BA32B6B1A}
		{F2829B0B-DE64-49B4-BB22-82E1B0BAEC8D} = {8698DDD0-FFBC-48A5-B2D1-6BDF48347D97}
	EndGlobalSection
	GlobalSection(ExtensibilityGlobals) = postSolution
		SolutionGuid = {2F4BBC14-6420-4139-98D0-BB36EE89D7E3}
	EndGlobalSection
EndGlobal
